
Microsoft Visual Studio Solution File, Format Version 12.00
# Visual Studio Version 16
VisualStudioVersion = 16.0.32228.343
MinimumVisualStudioVersion = 10.0.40219.1
Project("{FAE04EC0-301F-11D3-BF4B-00C04F79EFBC}") = "TokenAuthAPI", "TokenAuthAPI\TokenAuthAPI.csproj", "{5269BAFC-2284-4196-8F2B-928BE77FA8F9}"
EndProject
Global
	GlobalSection(SolutionConfigurationPlatforms) = preSolution
		Debug|Any CPU = Debug|Any CPU
		Release|Any CPU = Release|Any CPU
	EndGlobalSection
	GlobalSection(ProjectConfigurationPlatforms) = postSolution
		{5269BAFC-2284-4196-8F2B-928BE77FA8F9}.Debug|Any CPU.ActiveCfg = Debug|Any CPU
		{5269BAFC-2284-4196-8F2B-928BE77FA8F9}.Debug|Any CPU.Build.0 = Debug|Any CPU
		{5269BAFC-2284-4196-8F2B-928BE77FA8F9}.Release|Any CPU.ActiveCfg = Release|Any CPU
		{5269BAFC-2284-4196-8F2B-928BE77FA8F9}.Release|Any CPU.Build.0 = Release|Any CPU
	EndGlobalSection
	GlobalSection(SolutionProperties) = preSolution
		HideSolutionNode = FALSE
	EndGlobalSection
	GlobalSection(ExtensibilityGlobals) = postSolution
		SolutionGuid = {43204531-725B-4ADE-AB2D-6C244FFF7B33}
	EndGlobalSection
EndGlobal
